// !$*UTF8*$!
{
	archiveVersion = 1;
	classes = {
	};
	objectVersion = 56;
	objects = {

/* Begin PBXBuildFile section */
		56097D752A3CB2DB0053E1C2 /* BookModel.swift in Sources */ = {isa = PBXBuildFile; fileRef = 56097D742A3CB2DB0053E1C2 /* BookModel.swift */; };
		5652A1862A7F27AC008F009C /* MoreByCell.swift in Sources */ = {isa = PBXBuildFile; fileRef = 5652A1852A7F27AC008F009C /* MoreByCell.swift */; };
		5652A1882A7F318D008F009C /* CustomFlowLayout.swift in Sources */ = {isa = PBXBuildFile; fileRef = 5652A1872A7F318D008F009C /* CustomFlowLayout.swift */; };
		5652A18C2A8002A5008F009C /* Factories.swift in Sources */ = {isa = PBXBuildFile; fileRef = 5652A18B2A8002A5008F009C /* Factories.swift */; };
		565D9F772A50DE3A0042A688 /* MyBooksCentralView.swift in Sources */ = {isa = PBXBuildFile; fileRef = 565D9F762A50DE3A0042A688 /* MyBooksCentralView.swift */; };
		56613CE22A50E4FA0063C141 /* ChidoriMenuTableViewCell.swift in Sources */ = {isa = PBXBuildFile; fileRef = 56613CDE2A50E4FA0063C141 /* ChidoriMenuTableViewCell.swift */; };
		56613CE32A50E4FA0063C141 /* ChidoriPresentationController.swift in Sources */ = {isa = PBXBuildFile; fileRef = 56613CDF2A50E4FA0063C141 /* ChidoriPresentationController.swift */; };
		56613CE42A50E4FA0063C141 /* ChidoriAnimationController.swift in Sources */ = {isa = PBXBuildFile; fileRef = 56613CE02A50E4FA0063C141 /* ChidoriAnimationController.swift */; };
		56613CE52A50E4FA0063C141 /* ChidoriMenu.swift in Sources */ = {isa = PBXBuildFile; fileRef = 56613CE12A50E4FA0063C141 /* ChidoriMenu.swift */; };
		566BA4862A6B49420006899E /* AccountSettingsController.swift in Sources */ = {isa = PBXBuildFile; fileRef = 566BA4852A6B49420006899E /* AccountSettingsController.swift */; };
		5680CA492A6DD37D00C13DD6 /* Extensions.swift in Sources */ = {isa = PBXBuildFile; fileRef = 5680CA482A6DD37D00C13DD6 /* Extensions.swift */; };
		568146472A56024B00E27D75 /* MicroPremium-Black.ttf in Resources */ = {isa = PBXBuildFile; fileRef = 568146402A56024B00E27D75 /* MicroPremium-Black.ttf */; };
		568146482A56024B00E27D75 /* MicroPremium-ExtraBold.ttf in Resources */ = {isa = PBXBuildFile; fileRef = 568146412A56024B00E27D75 /* MicroPremium-ExtraBold.ttf */; };
		568146492A56024B00E27D75 /* MicroPremium-Bold.ttf in Resources */ = {isa = PBXBuildFile; fileRef = 568146422A56024B00E27D75 /* MicroPremium-Bold.ttf */; };
		5681464A2A56024B00E27D75 /* MicroPremium-Medium.ttf in Resources */ = {isa = PBXBuildFile; fileRef = 568146432A56024B00E27D75 /* MicroPremium-Medium.ttf */; };
		5681464B2A56024B00E27D75 /* MicroPremium-Light.ttf in Resources */ = {isa = PBXBuildFile; fileRef = 568146442A56024B00E27D75 /* MicroPremium-Light.ttf */; };
		5681464C2A56024B00E27D75 /* MicroPremium-SemiBold.ttf in Resources */ = {isa = PBXBuildFile; fileRef = 568146452A56024B00E27D75 /* MicroPremium-SemiBold.ttf */; };
		5681464D2A56024B00E27D75 /* MicroPremium-Regular.ttf in Resources */ = {isa = PBXBuildFile; fileRef = 568146462A56024B00E27D75 /* MicroPremium-Regular.ttf */; };
		568A37932A5F335000E84667 /* FirebaseAuth in Frameworks */ = {isa = PBXBuildFile; productRef = 568A37922A5F335000E84667 /* FirebaseAuth */; };
		568A37952A5F335000E84667 /* FirebaseFirestore in Frameworks */ = {isa = PBXBuildFile; productRef = 568A37942A5F335000E84667 /* FirebaseFirestore */; };
		568D36572A2E73E20028C51C /* MyBooksCell.swift in Sources */ = {isa = PBXBuildFile; fileRef = 568D36552A2E73E20028C51C /* MyBooksCell.swift */; };
		568D36582A2E73E20028C51C /* MyBooksCell.xib in Resources */ = {isa = PBXBuildFile; fileRef = 568D36562A2E73E20028C51C /* MyBooksCell.xib */; };
		56AF58F92A6DC2180045793E /* NetworkManager.swift in Sources */ = {isa = PBXBuildFile; fileRef = 56AF58F82A6DC2180045793E /* NetworkManager.swift */; };
		56B7119E2A2CA41C0030DC6E /* AppDelegate.swift in Sources */ = {isa = PBXBuildFile; fileRef = 56B7119D2A2CA41C0030DC6E /* AppDelegate.swift */; };
		56B711A02A2CA41C0030DC6E /* SceneDelegate.swift in Sources */ = {isa = PBXBuildFile; fileRef = 56B7119F2A2CA41C0030DC6E /* SceneDelegate.swift */; };
		56B711A22A2CA41C0030DC6E /* HomeController.swift in Sources */ = {isa = PBXBuildFile; fileRef = 56B711A12A2CA41C0030DC6E /* HomeController.swift */; };
		56B711A52A2CA41C0030DC6E /* Main.storyboard in Resources */ = {isa = PBXBuildFile; fileRef = 56B711A32A2CA41C0030DC6E /* Main.storyboard */; };
		56B711A72A2CA41D0030DC6E /* Assets.xcassets in Resources */ = {isa = PBXBuildFile; fileRef = 56B711A62A2CA41D0030DC6E /* Assets.xcassets */; };
		56B711AA2A2CA41D0030DC6E /* LaunchScreen.storyboard in Resources */ = {isa = PBXBuildFile; fileRef = 56B711A82A2CA41D0030DC6E /* LaunchScreen.storyboard */; };
		56B711B22A2D50EB0030DC6E /* MyBooksController.swift in Sources */ = {isa = PBXBuildFile; fileRef = 56B711B12A2D50EA0030DC6E /* MyBooksController.swift */; };
		56B711B42A2D50FA0030DC6E /* SearchController.swift in Sources */ = {isa = PBXBuildFile; fileRef = 56B711B32A2D50FA0030DC6E /* SearchController.swift */; };
		56B711B62A2D51010030DC6E /* MoreController.swift in Sources */ = {isa = PBXBuildFile; fileRef = 56B711B52A2D51010030DC6E /* MoreController.swift */; };
		56B711B92A2D538A0030DC6E /* Constants.swift in Sources */ = {isa = PBXBuildFile; fileRef = 56B711B82A2D538A0030DC6E /* Constants.swift */; };
		56B711BC2A2D53D70030DC6E /* SBCell.swift in Sources */ = {isa = PBXBuildFile; fileRef = 56B711BA2A2D53D70030DC6E /* SBCell.swift */; };
		56B711BD2A2D53D70030DC6E /* SearchCell.xib in Resources */ = {isa = PBXBuildFile; fileRef = 56B711BB2A2D53D70030DC6E /* SearchCell.xib */; };
		56BBA5912A360D78001C2779 /* BookView.swift in Sources */ = {isa = PBXBuildFile; fileRef = 56BBA5902A360D78001C2779 /* BookView.swift */; };
		56BBA5942A3613BD001C2779 /* Cosmos in Frameworks */ = {isa = PBXBuildFile; productRef = 56BBA5932A3613BD001C2779 /* Cosmos */; };
		56E0EAD22A86E5110031C4EA /* TopView.swift in Sources */ = {isa = PBXBuildFile; fileRef = 56E0EAD12A86E5110031C4EA /* TopView.swift */; };
		56E0EAD42A86E52F0031C4EA /* BottomView.swift in Sources */ = {isa = PBXBuildFile; fileRef = 56E0EAD32A86E52F0031C4EA /* BottomView.swift */; };
		56E1F2212A6B315B001541AE /* Colours.xcassets in Resources */ = {isa = PBXBuildFile; fileRef = 56E1F2202A6B315B001541AE /* Colours.xcassets */; };
		56F7C47B2A5DDBA60021F5AF /* LoginView.swift in Sources */ = {isa = PBXBuildFile; fileRef = 56F7C47A2A5DDBA60021F5AF /* LoginView.swift */; };
		56F7C47D2A5DE5E60021F5AF /* RegisterView.swift in Sources */ = {isa = PBXBuildFile; fileRef = 56F7C47C2A5DE5E60021F5AF /* RegisterView.swift */; };
		56F7C47F2A5DEC210021F5AF /* TestView.swift in Sources */ = {isa = PBXBuildFile; fileRef = 56F7C47E2A5DEC210021F5AF /* TestView.swift */; };
		56F8286C2A50EA8F00203481 /* SwipeTableViewController.swift in Sources */ = {isa = PBXBuildFile; fileRef = 56F8286B2A50EA8F00203481 /* SwipeTableViewController.swift */; };
		56F9A8282A61268F0071FA5F /* GoogleService-Info.plist in Resources */ = {isa = PBXBuildFile; fileRef = 56F9A8272A61268F0071FA5F /* GoogleService-Info.plist */; };
		8329D128F2E97F4648A824AB /* Pods_Shelfy.framework in Frameworks */ = {isa = PBXBuildFile; fileRef = 8EEB7E17AB36DD53128F3239 /* Pods_Shelfy.framework */; };
/* End PBXBuildFile section */

/* Begin PBXFileReference section */
		1635F92D7B1D0B09C0393B0E /* Pods-Shelfy.debug.xcconfig */ = {isa = PBXFileReference; includeInIndex = 1; lastKnownFileType = text.xcconfig; name = "Pods-Shelfy.debug.xcconfig"; path = "Target Support Files/Pods-Shelfy/Pods-Shelfy.debug.xcconfig"; sourceTree = "<group>"; };
		56097D742A3CB2DB0053E1C2 /* BookModel.swift */ = {isa = PBXFileReference; lastKnownFileType = sourcecode.swift; path = BookModel.swift; sourceTree = "<group>"; };
		5652A1852A7F27AC008F009C /* MoreByCell.swift */ = {isa = PBXFileReference; lastKnownFileType = sourcecode.swift; path = MoreByCell.swift; sourceTree = "<group>"; };
		5652A1872A7F318D008F009C /* CustomFlowLayout.swift */ = {isa = PBXFileReference; lastKnownFileType = sourcecode.swift; path = CustomFlowLayout.swift; sourceTree = "<group>"; };
		5652A18B2A8002A5008F009C /* Factories.swift */ = {isa = PBXFileReference; lastKnownFileType = sourcecode.swift; path = Factories.swift; sourceTree = "<group>"; };
		565D9F762A50DE3A0042A688 /* MyBooksCentralView.swift */ = {isa = PBXFileReference; lastKnownFileType = sourcecode.swift; path = MyBooksCentralView.swift; sourceTree = "<group>"; };
		56613CDE2A50E4FA0063C141 /* ChidoriMenuTableViewCell.swift */ = {isa = PBXFileReference; fileEncoding = 4; lastKnownFileType = sourcecode.swift; path = ChidoriMenuTableViewCell.swift; sourceTree = "<group>"; };
		56613CDF2A50E4FA0063C141 /* ChidoriPresentationController.swift */ = {isa = PBXFileReference; fileEncoding = 4; lastKnownFileType = sourcecode.swift; path = ChidoriPresentationController.swift; sourceTree = "<group>"; };
		56613CE02A50E4FA0063C141 /* ChidoriAnimationController.swift */ = {isa = PBXFileReference; fileEncoding = 4; lastKnownFileType = sourcecode.swift; path = ChidoriAnimationController.swift; sourceTree = "<group>"; };
		56613CE12A50E4FA0063C141 /* ChidoriMenu.swift */ = {isa = PBXFileReference; fileEncoding = 4; lastKnownFileType = sourcecode.swift; path = ChidoriMenu.swift; sourceTree = "<group>"; };
		566BA4852A6B49420006899E /* AccountSettingsController.swift */ = {isa = PBXFileReference; lastKnownFileType = sourcecode.swift; path = AccountSettingsController.swift; sourceTree = "<group>"; };
		5680CA482A6DD37D00C13DD6 /* Extensions.swift */ = {isa = PBXFileReference; lastKnownFileType = sourcecode.swift; path = Extensions.swift; sourceTree = "<group>"; };
		568146402A56024B00E27D75 /* MicroPremium-Black.ttf */ = {isa = PBXFileReference; lastKnownFileType = file; path = "MicroPremium-Black.ttf"; sourceTree = "<group>"; };
		568146412A56024B00E27D75 /* MicroPremium-ExtraBold.ttf */ = {isa = PBXFileReference; lastKnownFileType = file; path = "MicroPremium-ExtraBold.ttf"; sourceTree = "<group>"; };
		568146422A56024B00E27D75 /* MicroPremium-Bold.ttf */ = {isa = PBXFileReference; lastKnownFileType = file; path = "MicroPremium-Bold.ttf"; sourceTree = "<group>"; };
		568146432A56024B00E27D75 /* MicroPremium-Medium.ttf */ = {isa = PBXFileReference; lastKnownFileType = file; path = "MicroPremium-Medium.ttf"; sourceTree = "<group>"; };
		568146442A56024B00E27D75 /* MicroPremium-Light.ttf */ = {isa = PBXFileReference; lastKnownFileType = file; path = "MicroPremium-Light.ttf"; sourceTree = "<group>"; };
		568146452A56024B00E27D75 /* MicroPremium-SemiBold.ttf */ = {isa = PBXFileReference; lastKnownFileType = file; path = "MicroPremium-SemiBold.ttf"; sourceTree = "<group>"; };
		568146462A56024B00E27D75 /* MicroPremium-Regular.ttf */ = {isa = PBXFileReference; lastKnownFileType = file; path = "MicroPremium-Regular.ttf"; sourceTree = "<group>"; };
		568D36552A2E73E20028C51C /* MyBooksCell.swift */ = {isa = PBXFileReference; lastKnownFileType = sourcecode.swift; path = MyBooksCell.swift; sourceTree = "<group>"; };
		568D36562A2E73E20028C51C /* MyBooksCell.xib */ = {isa = PBXFileReference; lastKnownFileType = file.xib; path = MyBooksCell.xib; sourceTree = "<group>"; };
		56AF58F82A6DC2180045793E /* NetworkManager.swift */ = {isa = PBXFileReference; lastKnownFileType = sourcecode.swift; path = NetworkManager.swift; sourceTree = "<group>"; };
		56B7119A2A2CA41C0030DC6E /* Shelfy.app */ = {isa = PBXFileReference; explicitFileType = wrapper.application; includeInIndex = 0; path = Shelfy.app; sourceTree = BUILT_PRODUCTS_DIR; };
		56B7119D2A2CA41C0030DC6E /* AppDelegate.swift */ = {isa = PBXFileReference; lastKnownFileType = sourcecode.swift; path = AppDelegate.swift; sourceTree = "<group>"; };
		56B7119F2A2CA41C0030DC6E /* SceneDelegate.swift */ = {isa = PBXFileReference; lastKnownFileType = sourcecode.swift; path = SceneDelegate.swift; sourceTree = "<group>"; };
		56B711A12A2CA41C0030DC6E /* HomeController.swift */ = {isa = PBXFileReference; lastKnownFileType = sourcecode.swift; path = HomeController.swift; sourceTree = "<group>"; };
		56B711A42A2CA41C0030DC6E /* Base */ = {isa = PBXFileReference; lastKnownFileType = file.storyboard; name = Base; path = Base.lproj/Main.storyboard; sourceTree = "<group>"; };
		56B711A62A2CA41D0030DC6E /* Assets.xcassets */ = {isa = PBXFileReference; lastKnownFileType = folder.assetcatalog; path = Assets.xcassets; sourceTree = "<group>"; };
		56B711A92A2CA41D0030DC6E /* Base */ = {isa = PBXFileReference; lastKnownFileType = file.storyboard; name = Base; path = Base.lproj/LaunchScreen.storyboard; sourceTree = "<group>"; };
		56B711AB2A2CA41D0030DC6E /* Info.plist */ = {isa = PBXFileReference; lastKnownFileType = text.plist.xml; path = Info.plist; sourceTree = "<group>"; };
		56B711B12A2D50EA0030DC6E /* MyBooksController.swift */ = {isa = PBXFileReference; lastKnownFileType = sourcecode.swift; path = MyBooksController.swift; sourceTree = "<group>"; };
		56B711B32A2D50FA0030DC6E /* SearchController.swift */ = {isa = PBXFileReference; lastKnownFileType = sourcecode.swift; path = SearchController.swift; sourceTree = "<group>"; };
		56B711B52A2D51010030DC6E /* MoreController.swift */ = {isa = PBXFileReference; lastKnownFileType = sourcecode.swift; path = MoreController.swift; sourceTree = "<group>"; };
		56B711B82A2D538A0030DC6E /* Constants.swift */ = {isa = PBXFileReference; lastKnownFileType = sourcecode.swift; path = Constants.swift; sourceTree = "<group>"; };
		56B711BA2A2D53D70030DC6E /* SBCell.swift */ = {isa = PBXFileReference; lastKnownFileType = sourcecode.swift; path = SBCell.swift; sourceTree = "<group>"; };
		56B711BB2A2D53D70030DC6E /* SearchCell.xib */ = {isa = PBXFileReference; lastKnownFileType = file.xib; path = SearchCell.xib; sourceTree = "<group>"; };
		56BBA5902A360D78001C2779 /* BookView.swift */ = {isa = PBXFileReference; lastKnownFileType = sourcecode.swift; path = BookView.swift; sourceTree = "<group>"; };
		56E0EAD12A86E5110031C4EA /* TopView.swift */ = {isa = PBXFileReference; lastKnownFileType = sourcecode.swift; path = TopView.swift; sourceTree = "<group>"; };
		56E0EAD32A86E52F0031C4EA /* BottomView.swift */ = {isa = PBXFileReference; lastKnownFileType = sourcecode.swift; path = BottomView.swift; sourceTree = "<group>"; };
		56E1F2202A6B315B001541AE /* Colours.xcassets */ = {isa = PBXFileReference; lastKnownFileType = folder.assetcatalog; path = Colours.xcassets; sourceTree = "<group>"; };
		56F7C47A2A5DDBA60021F5AF /* LoginView.swift */ = {isa = PBXFileReference; lastKnownFileType = sourcecode.swift; path = LoginView.swift; sourceTree = "<group>"; };
		56F7C47C2A5DE5E60021F5AF /* RegisterView.swift */ = {isa = PBXFileReference; lastKnownFileType = sourcecode.swift; path = RegisterView.swift; sourceTree = "<group>"; };
		56F7C47E2A5DEC210021F5AF /* TestView.swift */ = {isa = PBXFileReference; lastKnownFileType = sourcecode.swift; path = TestView.swift; sourceTree = "<group>"; };
		56F8286B2A50EA8F00203481 /* SwipeTableViewController.swift */ = {isa = PBXFileReference; lastKnownFileType = sourcecode.swift; path = SwipeTableViewController.swift; sourceTree = "<group>"; };
		56F9A8272A61268F0071FA5F /* GoogleService-Info.plist */ = {isa = PBXFileReference; fileEncoding = 4; lastKnownFileType = text.plist.xml; path = "GoogleService-Info.plist"; sourceTree = "<group>"; };
		8EEB7E17AB36DD53128F3239 /* Pods_Shelfy.framework */ = {isa = PBXFileReference; explicitFileType = wrapper.framework; includeInIndex = 0; path = Pods_Shelfy.framework; sourceTree = BUILT_PRODUCTS_DIR; };
		D7C5D5348FDA29D8FF298F12 /* Pods-Shelfy.release.xcconfig */ = {isa = PBXFileReference; includeInIndex = 1; lastKnownFileType = text.xcconfig; name = "Pods-Shelfy.release.xcconfig"; path = "Target Support Files/Pods-Shelfy/Pods-Shelfy.release.xcconfig"; sourceTree = "<group>"; };
/* End PBXFileReference section */

/* Begin PBXFrameworksBuildPhase section */
		56B711972A2CA41C0030DC6E /* Frameworks */ = {
			isa = PBXFrameworksBuildPhase;
			buildActionMask = 2147483647;
			files = (
				56BBA5942A3613BD001C2779 /* Cosmos in Frameworks */,
				568A37952A5F335000E84667 /* FirebaseFirestore in Frameworks */,
				568A37932A5F335000E84667 /* FirebaseAuth in Frameworks */,
				8329D128F2E97F4648A824AB /* Pods_Shelfy.framework in Frameworks */,
			);
			runOnlyForDeploymentPostprocessing = 0;
		};
/* End PBXFrameworksBuildPhase section */

/* Begin PBXGroup section */
		4CEE54AA49B24BCA2EB39B6F /* Pods */ = {
			isa = PBXGroup;
			children = (
				1635F92D7B1D0B09C0393B0E /* Pods-Shelfy.debug.xcconfig */,
				D7C5D5348FDA29D8FF298F12 /* Pods-Shelfy.release.xcconfig */,
			);
			path = Pods;
			sourceTree = "<group>";
		};
		56002C942A8176800009F6AC /* Testing */ = {
			isa = PBXGroup;
			children = (
				56F7C47E2A5DEC210021F5AF /* TestView.swift */,
				56E0EAD12A86E5110031C4EA /* TopView.swift */,
				56E0EAD32A86E52F0031C4EA /* BottomView.swift */,
			);
			path = Testing;
			sourceTree = "<group>";
		};
		56097D722A3CB25A0053E1C2 /* Models */ = {
			isa = PBXGroup;
			children = (
				56097D742A3CB2DB0053E1C2 /* BookModel.swift */,
				56AF58F82A6DC2180045793E /* NetworkManager.swift */,
			);
			path = Models;
			sourceTree = "<group>";
		};
		56097D732A3CB2670053E1C2 /* Various */ = {
			isa = PBXGroup;
			children = (
				56B711B82A2D538A0030DC6E /* Constants.swift */,
				5680CA482A6DD37D00C13DD6 /* Extensions.swift */,
				5652A1872A7F318D008F009C /* CustomFlowLayout.swift */,
				5652A18B2A8002A5008F009C /* Factories.swift */,
			);
			path = Various;
			sourceTree = "<group>";
		};
		56613CDD2A50E4E20063C141 /* ChidoriIntegration */ = {
			isa = PBXGroup;
			children = (
				56613CE02A50E4FA0063C141 /* ChidoriAnimationController.swift */,
				56613CE12A50E4FA0063C141 /* ChidoriMenu.swift */,
				56613CDE2A50E4FA0063C141 /* ChidoriMenuTableViewCell.swift */,
				56613CDF2A50E4FA0063C141 /* ChidoriPresentationController.swift */,
			);
			path = ChidoriIntegration;
			sourceTree = "<group>";
		};
		5681463F2A56023100E27D75 /* Fonts */ = {
			isa = PBXGroup;
			children = (
				568146402A56024B00E27D75 /* MicroPremium-Black.ttf */,
				568146422A56024B00E27D75 /* MicroPremium-Bold.ttf */,
				568146412A56024B00E27D75 /* MicroPremium-ExtraBold.ttf */,
				568146442A56024B00E27D75 /* MicroPremium-Light.ttf */,
				568146432A56024B00E27D75 /* MicroPremium-Medium.ttf */,
				568146462A56024B00E27D75 /* MicroPremium-Regular.ttf */,
				568146452A56024B00E27D75 /* MicroPremium-SemiBold.ttf */,
			);
			path = Fonts;
			sourceTree = "<group>";
		};
		568D36542A2E703B0028C51C /* Cells */ = {
			isa = PBXGroup;
			children = (
				56B711BA2A2D53D70030DC6E /* SBCell.swift */,
				568D36552A2E73E20028C51C /* MyBooksCell.swift */,
				5652A1852A7F27AC008F009C /* MoreByCell.swift */,
			);
			path = Cells;
			sourceTree = "<group>";
		};
		56B711912A2CA41C0030DC6E = {
			isa = PBXGroup;
			children = (
				56F9A8272A61268F0071FA5F /* GoogleService-Info.plist */,
				56B7119C2A2CA41C0030DC6E /* Shelfy */,
				56B7119B2A2CA41C0030DC6E /* Products */,
				4CEE54AA49B24BCA2EB39B6F /* Pods */,
				6152A6BFE94949EA39DE8F2A /* Frameworks */,
			);
			sourceTree = "<group>";
		};
		56B7119B2A2CA41C0030DC6E /* Products */ = {
			isa = PBXGroup;
			children = (
				56B7119A2A2CA41C0030DC6E /* Shelfy.app */,
			);
			name = Products;
			sourceTree = "<group>";
		};
		56B7119C2A2CA41C0030DC6E /* Shelfy */ = {
			isa = PBXGroup;
			children = (
				5681463F2A56023100E27D75 /* Fonts */,
				56613CDD2A50E4E20063C141 /* ChidoriIntegration */,
				56F0BF8E2A4F8BA4003B89E3 /* Supporting Files */,
				56F0BF8D2A4F8B86003B89E3 /* Views */,
				56097D722A3CB25A0053E1C2 /* Models */,
				56097D732A3CB2670053E1C2 /* Various */,
				56B711B72A2D512E0030DC6E /* Controllers */,
				568D36542A2E703B0028C51C /* Cells */,
				56002C942A8176800009F6AC /* Testing */,
				56B711AB2A2CA41D0030DC6E /* Info.plist */,
				56B711A62A2CA41D0030DC6E /* Assets.xcassets */,
				56E1F2202A6B315B001541AE /* Colours.xcassets */,
			);
			path = Shelfy;
			sourceTree = "<group>";
		};
		56B711B72A2D512E0030DC6E /* Controllers */ = {
			isa = PBXGroup;
			children = (
				56B711A12A2CA41C0030DC6E /* HomeController.swift */,
				565D9F762A50DE3A0042A688 /* MyBooksCentralView.swift */,
				56B711B12A2D50EA0030DC6E /* MyBooksController.swift */,
				56BBA5902A360D78001C2779 /* BookView.swift */,
				56B711B32A2D50FA0030DC6E /* SearchController.swift */,
				56B711B52A2D51010030DC6E /* MoreController.swift */,
				56F8286B2A50EA8F00203481 /* SwipeTableViewController.swift */,
				56F7C47A2A5DDBA60021F5AF /* LoginView.swift */,
				56F7C47C2A5DE5E60021F5AF /* RegisterView.swift */,
				566BA4852A6B49420006899E /* AccountSettingsController.swift */,
			);
			path = Controllers;
			sourceTree = "<group>";
		};
		56F0BF8D2A4F8B86003B89E3 /* Views */ = {
			isa = PBXGroup;
			children = (
				56B711A32A2CA41C0030DC6E /* Main.storyboard */,
				56B711BB2A2D53D70030DC6E /* SearchCell.xib */,
				568D36562A2E73E20028C51C /* MyBooksCell.xib */,
				56B711A82A2CA41D0030DC6E /* LaunchScreen.storyboard */,
			);
			path = Views;
			sourceTree = "<group>";
		};
		56F0BF8E2A4F8BA4003B89E3 /* Supporting Files */ = {
			isa = PBXGroup;
			children = (
				56B7119F2A2CA41C0030DC6E /* SceneDelegate.swift */,
				56B7119D2A2CA41C0030DC6E /* AppDelegate.swift */,
			);
			path = "Supporting Files";
			sourceTree = "<group>";
		};
		6152A6BFE94949EA39DE8F2A /* Frameworks */ = {
			isa = PBXGroup;
			children = (
				8EEB7E17AB36DD53128F3239 /* Pods_Shelfy.framework */,
			);
			name = Frameworks;
			sourceTree = "<group>";
		};
/* End PBXGroup section */

/* Begin PBXNativeTarget section */
		56B711992A2CA41C0030DC6E /* Shelfy */ = {
			isa = PBXNativeTarget;
			buildConfigurationList = 56B711AE2A2CA41D0030DC6E /* Build configuration list for PBXNativeTarget "Shelfy" */;
			buildPhases = (
				FBD0A8C48B66247D07284A3B /* [CP] Check Pods Manifest.lock */,
				56B711962A2CA41C0030DC6E /* Sources */,
				56B711972A2CA41C0030DC6E /* Frameworks */,
				56B711982A2CA41C0030DC6E /* Resources */,
				66C104B1AEC7569DA33DE4B8 /* [CP] Embed Pods Frameworks */,
			);
			buildRules = (
			);
			dependencies = (
			);
			name = Shelfy;
			packageProductDependencies = (
				56BBA5932A3613BD001C2779 /* Cosmos */,
				568A37922A5F335000E84667 /* FirebaseAuth */,
				568A37942A5F335000E84667 /* FirebaseFirestore */,
			);
			productName = Shelfy;
			productReference = 56B7119A2A2CA41C0030DC6E /* Shelfy.app */;
			productType = "com.apple.product-type.application";
		};
/* End PBXNativeTarget section */

/* Begin PBXProject section */
		56B711922A2CA41C0030DC6E /* Project object */ = {
			isa = PBXProject;
			attributes = {
				BuildIndependentTargetsInParallel = 1;
				LastSwiftUpdateCheck = 1430;
				LastUpgradeCheck = 1430;
				TargetAttributes = {
					56B711992A2CA41C0030DC6E = {
						CreatedOnToolsVersion = 14.3.1;
					};
				};
			};
			buildConfigurationList = 56B711952A2CA41C0030DC6E /* Build configuration list for PBXProject "Shelfy" */;
			compatibilityVersion = "Xcode 14.0";
			developmentRegion = en;
			hasScannedForEncodings = 0;
			knownRegions = (
				en,
				Base,
			);
			mainGroup = 56B711912A2CA41C0030DC6E;
			packageReferences = (
				56BBA5922A3613BD001C2779 /* XCRemoteSwiftPackageReference "Cosmos" */,
				568A37912A5F335000E84667 /* XCRemoteSwiftPackageReference "firebase-ios-sdk" */,
			);
			productRefGroup = 56B7119B2A2CA41C0030DC6E /* Products */;
			projectDirPath = "";
			projectRoot = "";
			targets = (
				56B711992A2CA41C0030DC6E /* Shelfy */,
			);
		};
/* End PBXProject section */

/* Begin PBXResourcesBuildPhase section */
		56B711982A2CA41C0030DC6E /* Resources */ = {
			isa = PBXResourcesBuildPhase;
			buildActionMask = 2147483647;
			files = (
				56B711AA2A2CA41D0030DC6E /* LaunchScreen.storyboard in Resources */,
				56E1F2212A6B315B001541AE /* Colours.xcassets in Resources */,
				5681464B2A56024B00E27D75 /* MicroPremium-Light.ttf in Resources */,
				568146492A56024B00E27D75 /* MicroPremium-Bold.ttf in Resources */,
				568146482A56024B00E27D75 /* MicroPremium-ExtraBold.ttf in Resources */,
				56B711BD2A2D53D70030DC6E /* SearchCell.xib in Resources */,
				56B711A72A2CA41D0030DC6E /* Assets.xcassets in Resources */,
				568146472A56024B00E27D75 /* MicroPremium-Black.ttf in Resources */,
				5681464D2A56024B00E27D75 /* MicroPremium-Regular.ttf in Resources */,
				56B711A52A2CA41C0030DC6E /* Main.storyboard in Resources */,
				5681464A2A56024B00E27D75 /* MicroPremium-Medium.ttf in Resources */,
				5681464C2A56024B00E27D75 /* MicroPremium-SemiBold.ttf in Resources */,
				568D36582A2E73E20028C51C /* MyBooksCell.xib in Resources */,
				56F9A8282A61268F0071FA5F /* GoogleService-Info.plist in Resources */,
			);
			runOnlyForDeploymentPostprocessing = 0;
		};
/* End PBXResourcesBuildPhase section */

/* Begin PBXShellScriptBuildPhase section */
		66C104B1AEC7569DA33DE4B8 /* [CP] Embed Pods Frameworks */ = {
			isa = PBXShellScriptBuildPhase;
			buildActionMask = 2147483647;
			files = (
			);
			inputFileListPaths = (
				"${PODS_ROOT}/Target Support Files/Pods-Shelfy/Pods-Shelfy-frameworks-${CONFIGURATION}-input-files.xcfilelist",
			);
			name = "[CP] Embed Pods Frameworks";
			outputFileListPaths = (
				"${PODS_ROOT}/Target Support Files/Pods-Shelfy/Pods-Shelfy-frameworks-${CONFIGURATION}-output-files.xcfilelist",
			);
			runOnlyForDeploymentPostprocessing = 0;
			shellPath = /bin/sh;
			shellScript = "\"${PODS_ROOT}/Target Support Files/Pods-Shelfy/Pods-Shelfy-frameworks.sh\"\n";
			showEnvVarsInLog = 0;
		};
		FBD0A8C48B66247D07284A3B /* [CP] Check Pods Manifest.lock */ = {
			isa = PBXShellScriptBuildPhase;
			buildActionMask = 2147483647;
			files = (
			);
			inputFileListPaths = (
			);
			inputPaths = (
				"${PODS_PODFILE_DIR_PATH}/Podfile.lock",
				"${PODS_ROOT}/Manifest.lock",
			);
			name = "[CP] Check Pods Manifest.lock";
			outputFileListPaths = (
			);
			outputPaths = (
				"$(DERIVED_FILE_DIR)/Pods-Shelfy-checkManifestLockResult.txt",
			);
			runOnlyForDeploymentPostprocessing = 0;
			shellPath = /bin/sh;
			shellScript = "diff \"${PODS_PODFILE_DIR_PATH}/Podfile.lock\" \"${PODS_ROOT}/Manifest.lock\" > /dev/null\nif [ $? != 0 ] ; then\n    # print error to STDERR\n    echo \"error: The sandbox is not in sync with the Podfile.lock. Run 'pod install' or update your CocoaPods installation.\" >&2\n    exit 1\nfi\n# This output is used by Xcode 'outputs' to avoid re-running this script phase.\necho \"SUCCESS\" > \"${SCRIPT_OUTPUT_FILE_0}\"\n";
			showEnvVarsInLog = 0;
		};
/* End PBXShellScriptBuildPhase section */

/* Begin PBXSourcesBuildPhase section */
		56B711962A2CA41C0030DC6E /* Sources */ = {
			isa = PBXSourcesBuildPhase;
			buildActionMask = 2147483647;
			files = (
				5652A18C2A8002A5008F009C /* Factories.swift in Sources */,
				566BA4862A6B49420006899E /* AccountSettingsController.swift in Sources */,
				56E0EAD42A86E52F0031C4EA /* BottomView.swift in Sources */,
				56F7C47F2A5DEC210021F5AF /* TestView.swift in Sources */,
				56B711A22A2CA41C0030DC6E /* HomeController.swift in Sources */,
				56F7C47D2A5DE5E60021F5AF /* RegisterView.swift in Sources */,
				56B711BC2A2D53D70030DC6E /* SBCell.swift in Sources */,
				56613CE52A50E4FA0063C141 /* ChidoriMenu.swift in Sources */,
				56613CE42A50E4FA0063C141 /* ChidoriAnimationController.swift in Sources */,
				56F8286C2A50EA8F00203481 /* SwipeTableViewController.swift in Sources */,
				5652A1882A7F318D008F009C /* CustomFlowLayout.swift in Sources */,
				565D9F772A50DE3A0042A688 /* MyBooksCentralView.swift in Sources */,
				56E0EAD22A86E5110031C4EA /* TopView.swift in Sources */,
				56AF58F92A6DC2180045793E /* NetworkManager.swift in Sources */,
				56613CE22A50E4FA0063C141 /* ChidoriMenuTableViewCell.swift in Sources */,
				56B711B42A2D50FA0030DC6E /* SearchController.swift in Sources */,
				5652A1862A7F27AC008F009C /* MoreByCell.swift in Sources */,
				56613CE32A50E4FA0063C141 /* ChidoriPresentationController.swift in Sources */,
				56B7119E2A2CA41C0030DC6E /* AppDelegate.swift in Sources */,
				56B711B22A2D50EB0030DC6E /* MyBooksController.swift in Sources */,
				568D36572A2E73E20028C51C /* MyBooksCell.swift in Sources */,
				56097D752A3CB2DB0053E1C2 /* BookModel.swift in Sources */,
				56B711B92A2D538A0030DC6E /* Constants.swift in Sources */,
				56B711B62A2D51010030DC6E /* MoreController.swift in Sources */,
				5680CA492A6DD37D00C13DD6 /* Extensions.swift in Sources */,
				56B711A02A2CA41C0030DC6E /* SceneDelegate.swift in Sources */,
				56F7C47B2A5DDBA60021F5AF /* LoginView.swift in Sources */,
				56BBA5912A360D78001C2779 /* BookView.swift in Sources */,
			);
			runOnlyForDeploymentPostprocessing = 0;
		};
/* End PBXSourcesBuildPhase section */

/* Begin PBXVariantGroup section */
		56B711A32A2CA41C0030DC6E /* Main.storyboard */ = {
			isa = PBXVariantGroup;
			children = (
				56B711A42A2CA41C0030DC6E /* Base */,
			);
			name = Main.storyboard;
			sourceTree = "<group>";
		};
		56B711A82A2CA41D0030DC6E /* LaunchScreen.storyboard */ = {
			isa = PBXVariantGroup;
			children = (
				56B711A92A2CA41D0030DC6E /* Base */,
			);
			name = LaunchScreen.storyboard;
			sourceTree = "<group>";
		};
/* End PBXVariantGroup section */

/* Begin XCBuildConfiguration section */
		56B711AC2A2CA41D0030DC6E /* Debug */ = {
			isa = XCBuildConfiguration;
			buildSettings = {
				ALWAYS_SEARCH_USER_PATHS = NO;
				ASSETCATALOG_COMPILER_APPICON_NAME = AppIcon;
				CLANG_ANALYZER_NONNULL = YES;
				CLANG_ANALYZER_NUMBER_OBJECT_CONVERSION = YES_AGGRESSIVE;
				CLANG_CXX_LANGUAGE_STANDARD = "gnu++20";
				CLANG_ENABLE_MODULES = YES;
				CLANG_ENABLE_OBJC_ARC = YES;
				CLANG_ENABLE_OBJC_WEAK = YES;
				CLANG_WARN_BLOCK_CAPTURE_AUTORELEASING = YES;
				CLANG_WARN_BOOL_CONVERSION = YES;
				CLANG_WARN_COMMA = YES;
				CLANG_WARN_CONSTANT_CONVERSION = YES;
				CLANG_WARN_DEPRECATED_OBJC_IMPLEMENTATIONS = YES;
				CLANG_WARN_DIRECT_OBJC_ISA_USAGE = YES_ERROR;
				CLANG_WARN_DOCUMENTATION_COMMENTS = YES;
				CLANG_WARN_EMPTY_BODY = YES;
				CLANG_WARN_ENUM_CONVERSION = YES;
				CLANG_WARN_INFINITE_RECURSION = YES;
				CLANG_WARN_INT_CONVERSION = YES;
				CLANG_WARN_NON_LITERAL_NULL_CONVERSION = YES;
				CLANG_WARN_OBJC_IMPLICIT_RETAIN_SELF = YES;
				CLANG_WARN_OBJC_LITERAL_CONVERSION = YES;
				CLANG_WARN_OBJC_ROOT_CLASS = YES_ERROR;
				CLANG_WARN_QUOTED_INCLUDE_IN_FRAMEWORK_HEADER = YES;
				CLANG_WARN_RANGE_LOOP_ANALYSIS = YES;
				CLANG_WARN_STRICT_PROTOTYPES = YES;
				CLANG_WARN_SUSPICIOUS_MOVE = YES;
				CLANG_WARN_UNGUARDED_AVAILABILITY = YES_AGGRESSIVE;
				CLANG_WARN_UNREACHABLE_CODE = YES;
				CLANG_WARN__DUPLICATE_METHOD_MATCH = YES;
				COPY_PHASE_STRIP = NO;
				DEBUG_INFORMATION_FORMAT = dwarf;
				ENABLE_STRICT_OBJC_MSGSEND = YES;
				ENABLE_TESTABILITY = YES;
				GCC_C_LANGUAGE_STANDARD = gnu11;
				GCC_DYNAMIC_NO_PIC = NO;
				GCC_NO_COMMON_BLOCKS = YES;
				GCC_OPTIMIZATION_LEVEL = 0;
				GCC_PREPROCESSOR_DEFINITIONS = (
					"DEBUG=1",
					"$(inherited)",
				);
				GCC_WARN_64_TO_32_BIT_CONVERSION = YES;
				GCC_WARN_ABOUT_RETURN_TYPE = YES_ERROR;
				GCC_WARN_UNDECLARED_SELECTOR = YES;
				GCC_WARN_UNINITIALIZED_AUTOS = YES_AGGRESSIVE;
				GCC_WARN_UNUSED_FUNCTION = YES;
				GCC_WARN_UNUSED_VARIABLE = YES;
				IPHONEOS_DEPLOYMENT_TARGET = 16.4;
				MTL_ENABLE_DEBUG_INFO = INCLUDE_SOURCE;
				MTL_FAST_MATH = YES;
				ONLY_ACTIVE_ARCH = YES;
				SDKROOT = iphoneos;
				SWIFT_ACTIVE_COMPILATION_CONDITIONS = DEBUG;
				SWIFT_OPTIMIZATION_LEVEL = "-Onone";
			};
			name = Debug;
		};
		56B711AD2A2CA41D0030DC6E /* Release */ = {
			isa = XCBuildConfiguration;
			buildSettings = {
				ALWAYS_SEARCH_USER_PATHS = NO;
				ASSETCATALOG_COMPILER_APPICON_NAME = AppIcon;
				CLANG_ANALYZER_NONNULL = YES;
				CLANG_ANALYZER_NUMBER_OBJECT_CONVERSION = YES_AGGRESSIVE;
				CLANG_CXX_LANGUAGE_STANDARD = "gnu++20";
				CLANG_ENABLE_MODULES = YES;
				CLANG_ENABLE_OBJC_ARC = YES;
				CLANG_ENABLE_OBJC_WEAK = YES;
				CLANG_WARN_BLOCK_CAPTURE_AUTORELEASING = YES;
				CLANG_WARN_BOOL_CONVERSION = YES;
				CLANG_WARN_COMMA = YES;
				CLANG_WARN_CONSTANT_CONVERSION = YES;
				CLANG_WARN_DEPRECATED_OBJC_IMPLEMENTATIONS = YES;
				CLANG_WARN_DIRECT_OBJC_ISA_USAGE = YES_ERROR;
				CLANG_WARN_DOCUMENTATION_COMMENTS = YES;
				CLANG_WARN_EMPTY_BODY = YES;
				CLANG_WARN_ENUM_CONVERSION = YES;
				CLANG_WARN_INFINITE_RECURSION = YES;
				CLANG_WARN_INT_CONVERSION = YES;
				CLANG_WARN_NON_LITERAL_NULL_CONVERSION = YES;
				CLANG_WARN_OBJC_IMPLICIT_RETAIN_SELF = YES;
				CLANG_WARN_OBJC_LITERAL_CONVERSION = YES;
				CLANG_WARN_OBJC_ROOT_CLASS = YES_ERROR;
				CLANG_WARN_QUOTED_INCLUDE_IN_FRAMEWORK_HEADER = YES;
				CLANG_WARN_RANGE_LOOP_ANALYSIS = YES;
				CLANG_WARN_STRICT_PROTOTYPES = YES;
				CLANG_WARN_SUSPICIOUS_MOVE = YES;
				CLANG_WARN_UNGUARDED_AVAILABILITY = YES_AGGRESSIVE;
				CLANG_WARN_UNREACHABLE_CODE = YES;
				CLANG_WARN__DUPLICATE_METHOD_MATCH = YES;
				COPY_PHASE_STRIP = NO;
				DEBUG_INFORMATION_FORMAT = "dwarf-with-dsym";
				ENABLE_NS_ASSERTIONS = NO;
				ENABLE_STRICT_OBJC_MSGSEND = YES;
				GCC_C_LANGUAGE_STANDARD = gnu11;
				GCC_NO_COMMON_BLOCKS = YES;
				GCC_WARN_64_TO_32_BIT_CONVERSION = YES;
				GCC_WARN_ABOUT_RETURN_TYPE = YES_ERROR;
				GCC_WARN_UNDECLARED_SELECTOR = YES;
				GCC_WARN_UNINITIALIZED_AUTOS = YES_AGGRESSIVE;
				GCC_WARN_UNUSED_FUNCTION = YES;
				GCC_WARN_UNUSED_VARIABLE = YES;
				IPHONEOS_DEPLOYMENT_TARGET = 16.4;
				MTL_ENABLE_DEBUG_INFO = NO;
				MTL_FAST_MATH = YES;
				SDKROOT = iphoneos;
				SWIFT_COMPILATION_MODE = wholemodule;
				SWIFT_OPTIMIZATION_LEVEL = "-O";
				VALIDATE_PRODUCT = YES;
			};
			name = Release;
		};
		56B711AF2A2CA41D0030DC6E /* Debug */ = {
			isa = XCBuildConfiguration;
			baseConfigurationReference = 1635F92D7B1D0B09C0393B0E /* Pods-Shelfy.debug.xcconfig */;
			buildSettings = {
				ASSETCATALOG_COMPILER_APPICON_NAME = AppIcon;
				ASSETCATALOG_COMPILER_GLOBAL_ACCENT_COLOR_NAME = AccentColor;
				CODE_SIGN_STYLE = Automatic;
				CURRENT_PROJECT_VERSION = 1;
				DEVELOPMENT_TEAM = 3TFZ52QYHN;
				GENERATE_INFOPLIST_FILE = YES;
				INFOPLIST_FILE = Shelfy/Info.plist;
				INFOPLIST_KEY_CFBundleDisplayName = Shelfy;
				INFOPLIST_KEY_LSApplicationCategoryType = "public.app-category.books";
				INFOPLIST_KEY_UIApplicationSupportsIndirectInputEvents = YES;
				INFOPLIST_KEY_UILaunchStoryboardName = LaunchScreen;
				INFOPLIST_KEY_UIMainStoryboardFile = Main;
				INFOPLIST_KEY_UISupportedInterfaceOrientations = UIInterfaceOrientationPortrait;
				INFOPLIST_KEY_UISupportedInterfaceOrientations_iPad = "UIInterfaceOrientationLandscapeLeft UIInterfaceOrientationLandscapeRight UIInterfaceOrientationPortrait UIInterfaceOrientationPortraitUpsideDown";
				IPHONEOS_DEPLOYMENT_TARGET = 14.0;
				LD_RUNPATH_SEARCH_PATHS = (
					"$(inherited)",
					"@executable_path/Frameworks",
				);
				MARKETING_VERSION = 1.0;
				PRODUCT_BUNDLE_IDENTIFIER = mariann.Shelfy;
				PRODUCT_NAME = "$(TARGET_NAME)";
				SUPPORTED_PLATFORMS = "iphoneos iphonesimulator";
				SUPPORTS_MACCATALYST = NO;
				SUPPORTS_MAC_DESIGNED_FOR_IPHONE_IPAD = YES;
				SWIFT_EMIT_LOC_STRINGS = YES;
				SWIFT_VERSION = 5.0;
				TARGETED_DEVICE_FAMILY = "1,2";
			};
			name = Debug;
		};
		56B711B02A2CA41D0030DC6E /* Release */ = {
			isa = XCBuildConfiguration;
			baseConfigurationReference = D7C5D5348FDA29D8FF298F12 /* Pods-Shelfy.release.xcconfig */;
			buildSettings = {
				ASSETCATALOG_COMPILER_APPICON_NAME = AppIcon;
				ASSETCATALOG_COMPILER_GLOBAL_ACCENT_COLOR_NAME = AccentColor;
				CODE_SIGN_STYLE = Automatic;
				CURRENT_PROJECT_VERSION = 1;
				DEVELOPMENT_TEAM = 3TFZ52QYHN;
				GENERATE_INFOPLIST_FILE = YES;
				INFOPLIST_FILE = Shelfy/Info.plist;
				INFOPLIST_KEY_CFBundleDisplayName = Shelfy;
				INFOPLIST_KEY_LSApplicationCategoryType = "public.app-category.books";
				INFOPLIST_KEY_UIApplicationSupportsIndirectInputEvents = YES;
				INFOPLIST_KEY_UILaunchStoryboardName = LaunchScreen;
				INFOPLIST_KEY_UIMainStoryboardFile = Main;
				INFOPLIST_KEY_UISupportedInterfaceOrientations = UIInterfaceOrientationPortrait;
				INFOPLIST_KEY_UISupportedInterfaceOrientations_iPad = "UIInterfaceOrientationLandscapeLeft UIInterfaceOrientationLandscapeRight UIInterfaceOrientationPortrait UIInterfaceOrientationPortraitUpsideDown";
				IPHONEOS_DEPLOYMENT_TARGET = 14.0;
				LD_RUNPATH_SEARCH_PATHS = (
					"$(inherited)",
					"@executable_path/Frameworks",
				);
				MARKETING_VERSION = 1.0;
				PRODUCT_BUNDLE_IDENTIFIER = mariann.Shelfy;
				PRODUCT_NAME = "$(TARGET_NAME)";
				SUPPORTED_PLATFORMS = "iphoneos iphonesimulator";
				SUPPORTS_MACCATALYST = NO;
				SUPPORTS_MAC_DESIGNED_FOR_IPHONE_IPAD = YES;
				SWIFT_EMIT_LOC_STRINGS = YES;
				SWIFT_VERSION = 5.0;
				TARGETED_DEVICE_FAMILY = "1,2";
			};
			name = Release;
		};
/* End XCBuildConfiguration section */

/* Begin XCConfigurationList section */
		56B711952A2CA41C0030DC6E /* Build configuration list for PBXProject "Shelfy" */ = {
			isa = XCConfigurationList;
			buildConfigurations = (
				56B711AC2A2CA41D0030DC6E /* Debug */,
				56B711AD2A2CA41D0030DC6E /* Release */,
			);
			defaultConfigurationIsVisible = 0;
			defaultConfigurationName = Release;
		};
		56B711AE2A2CA41D0030DC6E /* Build configuration list for PBXNativeTarget "Shelfy" */ = {
			isa = XCConfigurationList;
			buildConfigurations = (
				56B711AF2A2CA41D0030DC6E /* Debug */,
				56B711B02A2CA41D0030DC6E /* Release */,
			);
			defaultConfigurationIsVisible = 0;
			defaultConfigurationName = Release;
		};
/* End XCConfigurationList section */

/* Begin XCRemoteSwiftPackageReference section */
		568A37912A5F335000E84667 /* XCRemoteSwiftPackageReference "firebase-ios-sdk" */ = {
			isa = XCRemoteSwiftPackageReference;
			repositoryURL = "https://github.com/firebase/firebase-ios-sdk";
			requirement = {
				kind = upToNextMajorVersion;
				minimumVersion = 10.0.0;
			};
		};
		56BBA5922A3613BD001C2779 /* XCRemoteSwiftPackageReference "Cosmos" */ = {
			isa = XCRemoteSwiftPackageReference;
			repositoryURL = "https://github.com/evgenyneu/Cosmos.git";
			requirement = {
				branch = master;
				kind = branch;
			};
		};
/* End XCRemoteSwiftPackageReference section */

/* Begin XCSwiftPackageProductDependency section */
		568A37922A5F335000E84667 /* FirebaseAuth */ = {
			isa = XCSwiftPackageProductDependency;
			package = 568A37912A5F335000E84667 /* XCRemoteSwiftPackageReference "firebase-ios-sdk" */;
			productName = FirebaseAuth;
		};
		568A37942A5F335000E84667 /* FirebaseFirestore */ = {
			isa = XCSwiftPackageProductDependency;
			package = 568A37912A5F335000E84667 /* XCRemoteSwiftPackageReference "firebase-ios-sdk" */;
			productName = FirebaseFirestore;
		};
		56BBA5932A3613BD001C2779 /* Cosmos */ = {
			isa = XCSwiftPackageProductDependency;
			package = 56BBA5922A3613BD001C2779 /* XCRemoteSwiftPackageReference "Cosmos" */;
			productName = Cosmos;
		};
/* End XCSwiftPackageProductDependency section */
	};
	rootObject = 56B711922A2CA41C0030DC6E /* Project object */;
}
